// !$*UTF8*$!
{
	archiveVersion = 1;
	classes = {
	};
	objectVersion = 46;
	objects = {

/* Begin PBXBuildFile section */
		6B0CD2D41F67834400DA050C /* AppDelegate.swift in Sources */ = {isa = PBXBuildFile; fileRef = 6B0CD2D31F67834400DA050C /* AppDelegate.swift */; };
		6B0CD2D61F67834400DA050C /* ViewController.swift in Sources */ = {isa = PBXBuildFile; fileRef = 6B0CD2D51F67834400DA050C /* ViewController.swift */; };
		6B0CD2D91F67834400DA050C /* Main.storyboard in Resources */ = {isa = PBXBuildFile; fileRef = 6B0CD2D71F67834400DA050C /* Main.storyboard */; };
		6B0CD2DB1F67834400DA050C /* Assets.xcassets in Resources */ = {isa = PBXBuildFile; fileRef = 6B0CD2DA1F67834400DA050C /* Assets.xcassets */; };
		6B0CD2DE1F67834400DA050C /* LaunchScreen.storyboard in Resources */ = {isa = PBXBuildFile; fileRef = 6B0CD2DC1F67834400DA050C /* LaunchScreen.storyboard */; };
		6B0CD2E91F67834400DA050C /* GoddessHairSalonSwiftDemoTests.swift in Sources */ = {isa = PBXBuildFile; fileRef = 6B0CD2E81F67834400DA050C /* GoddessHairSalonSwiftDemoTests.swift */; };
		6B0CD2F41F67834400DA050C /* GoddessHairSalonSwiftDemoUITests.swift in Sources */ = {isa = PBXBuildFile; fileRef = 6B0CD2F31F67834400DA050C /* GoddessHairSalonSwiftDemoUITests.swift */; };
		6B117BF21F6A1AD30004900F /* VCExtension.swift in Sources */ = {isa = PBXBuildFile; fileRef = 6B117BF11F6A1AD30004900F /* VCExtension.swift */; };
		6B117BF41F6A2D260004900F /* GoddessVC.swift in Sources */ = {isa = PBXBuildFile; fileRef = 6B117BF31F6A2D260004900F /* GoddessVC.swift */; };
		6B3C06D61F6CC75D00C825F8 /* SecondVC.swift in Sources */ = {isa = PBXBuildFile; fileRef = 6B3C06D51F6CC75D00C825F8 /* SecondVC.swift */; };
		6B3C06D81F6CC7B900C825F8 /* ThindVC.swift in Sources */ = {isa = PBXBuildFile; fileRef = 6B3C06D71F6CC7B900C825F8 /* ThindVC.swift */; };
/* End PBXBuildFile section */

/* Begin PBXContainerItemProxy section */
		6B0CD2E51F67834400DA050C /* PBXContainerItemProxy */ = {
			isa = PBXContainerItemProxy;
			containerPortal = 6B0CD2C81F67834400DA050C /* Project object */;
			proxyType = 1;
			remoteGlobalIDString = 6B0CD2CF1F67834400DA050C;
			remoteInfo = GoddessHairSalonSwiftDemo;
		};
		6B0CD2F01F67834400DA050C /* PBXContainerItemProxy */ = {
			isa = PBXContainerItemProxy;
			containerPortal = 6B0CD2C81F67834400DA050C /* Project object */;
			proxyType = 1;
			remoteGlobalIDString = 6B0CD2CF1F67834400DA050C;
			remoteInfo = GoddessHairSalonSwiftDemo;
		};
/* End PBXContainerItemProxy section */

/* Begin PBXFileReference section */
		6B0CD2D01F67834400DA050C /* GoddessHairSalonSwiftDemo.app */ = {isa = PBXFileReference; explicitFileType = wrapper.application; includeInIndex = 0; path = GoddessHairSalonSwiftDemo.app; sourceTree = BUILT_PRODUCTS_DIR; };
		6B0CD2D31F67834400DA050C /* AppDelegate.swift */ = {isa = PBXFileReference; lastKnownFileType = sourcecode.swift; path = AppDelegate.swift; sourceTree = "<group>"; };
		6B0CD2D51F67834400DA050C /* ViewController.swift */ = {isa = PBXFileReference; lastKnownFileType = sourcecode.swift; path = ViewController.swift; sourceTree = "<group>"; };
		6B0CD2D81F67834400DA050C /* Base */ = {isa = PBXFileReference; lastKnownFileType = file.storyboard; name = Base; path = Base.lproj/Main.storyboard; sourceTree = "<group>"; };
		6B0CD2DA1F67834400DA050C /* Assets.xcassets */ = {isa = PBXFileReference; lastKnownFileType = folder.assetcatalog; path = Assets.xcassets; sourceTree = "<group>"; };
		6B0CD2DD1F67834400DA050C /* Base */ = {isa = PBXFileReference; lastKnownFileType = file.storyboard; name = Base; path = Base.lproj/LaunchScreen.storyboard; sourceTree = "<group>"; };
		6B0CD2DF1F67834400DA050C /* Info.plist */ = {isa = PBXFileReference; lastKnownFileType = text.plist.xml; path = Info.plist; sourceTree = "<group>"; };
		6B0CD2E41F67834400DA050C /* GoddessHairSalonSwiftDemoTests.xctest */ = {isa = PBXFileReference; explicitFileType = wrapper.cfbundle; includeInIndex = 0; path = GoddessHairSalonSwiftDemoTests.xctest; sourceTree = BUILT_PRODUCTS_DIR; };
		6B0CD2E81F67834400DA050C /* GoddessHairSalonSwiftDemoTests.swift */ = {isa = PBXFileReference; lastKnownFileType = sourcecode.swift; path = GoddessHairSalonSwiftDemoTests.swift; sourceTree = "<group>"; };
		6B0CD2EA1F67834400DA050C /* Info.plist */ = {isa = PBXFileReference; lastKnownFileType = text.plist.xml; path = Info.plist; sourceTree = "<group>"; };
		6B0CD2EF1F67834400DA050C /* GoddessHairSalonSwiftDemoUITests.xctest */ = {isa = PBXFileReference; explicitFileType = wrapper.cfbundle; includeInIndex = 0; path = GoddessHairSalonSwiftDemoUITests.xctest; sourceTree = BUILT_PRODUCTS_DIR; };
		6B0CD2F31F67834400DA050C /* GoddessHairSalonSwiftDemoUITests.swift */ = {isa = PBXFileReference; lastKnownFileType = sourcecode.swift; path = GoddessHairSalonSwiftDemoUITests.swift; sourceTree = "<group>"; };
		6B0CD2F51F67834400DA050C /* Info.plist */ = {isa = PBXFileReference; lastKnownFileType = text.plist.xml; path = Info.plist; sourceTree = "<group>"; };
		6B117BF11F6A1AD30004900F /* VCExtension.swift */ = {isa = PBXFileReference; fileEncoding = 4; lastKnownFileType = sourcecode.swift; path = VCExtension.swift; sourceTree = "<group>"; };
		6B117BF31F6A2D260004900F /* GoddessVC.swift */ = {isa = PBXFileReference; fileEncoding = 4; lastKnownFileType = sourcecode.swift; path = GoddessVC.swift; sourceTree = "<group>"; };
		6B3C06D51F6CC75D00C825F8 /* SecondVC.swift */ = {isa = PBXFileReference; fileEncoding = 4; lastKnownFileType = sourcecode.swift; path = SecondVC.swift; sourceTree = "<group>"; };
		6B3C06D71F6CC7B900C825F8 /* ThindVC.swift */ = {isa = PBXFileReference; fileEncoding = 4; lastKnownFileType = sourcecode.swift; path = ThindVC.swift; sourceTree = "<group>"; };
/* End PBXFileReference section */

/* Begin PBXFrameworksBuildPhase section */
		6B0CD2CD1F67834400DA050C /* Frameworks */ = {
			isa = PBXFrameworksBuildPhase;
			buildActionMask = 2147483647;
			files = (
			);
			runOnlyForDeploymentPostprocessing = 0;
		};
		6B0CD2E11F67834400DA050C /* Frameworks */ = {
			isa = PBXFrameworksBuildPhase;
			buildActionMask = 2147483647;
			files = (
			);
			runOnlyForDeploymentPostprocessing = 0;
		};
		6B0CD2EC1F67834400DA050C /* Frameworks */ = {
			isa = PBXFrameworksBuildPhase;
			buildActionMask = 2147483647;
			files = (
			);
			runOnlyForDeploymentPostprocessing = 0;
		};
/* End PBXFrameworksBuildPhase section */

/* Begin PBXGroup section */
		6B0CD2C71F67834400DA050C = {
			isa = PBXGroup;
			children = (
				6B0CD2D21F67834400DA050C /* GoddessHairSalonSwiftDemo */,
				6B0CD2E71F67834400DA050C /* GoddessHairSalonSwiftDemoTests */,
				6B0CD2F21F67834400DA050C /* GoddessHairSalonSwiftDemoUITests */,
				6B0CD2D11F67834400DA050C /* Products */,
			);
			sourceTree = "<group>";
		};
		6B0CD2D11F67834400DA050C /* Products */ = {
			isa = PBXGroup;
			children = (
				6B0CD2D01F67834400DA050C /* GoddessHairSalonSwiftDemo.app */,
				6B0CD2E41F67834400DA050C /* GoddessHairSalonSwiftDemoTests.xctest */,
				6B0CD2EF1F67834400DA050C /* GoddessHairSalonSwiftDemoUITests.xctest */,
			);
			name = Products;
			sourceTree = "<group>";
		};
		6B0CD2D21F67834400DA050C /* GoddessHairSalonSwiftDemo */ = {
			isa = PBXGroup;
			children = (
				6B0CD2D31F67834400DA050C /* AppDelegate.swift */,
				6B0CD2D51F67834400DA050C /* ViewController.swift */,
				6B117BF11F6A1AD30004900F /* VCExtension.swift */,
				6B117BF31F6A2D260004900F /* GoddessVC.swift */,
				6B3C06D51F6CC75D00C825F8 /* SecondVC.swift */,
				6B3C06D71F6CC7B900C825F8 /* ThindVC.swift */,
				6B0CD2D71F67834400DA050C /* Main.storyboard */,
				6B0CD2DA1F67834400DA050C /* Assets.xcassets */,
				6B0CD2DC1F67834400DA050C /* LaunchScreen.storyboard */,
				6B0CD2DF1F67834400DA050C /* Info.plist */,
			);
			path = GoddessHairSalonSwiftDemo;
			sourceTree = "<group>";
		};
		6B0CD2E71F67834400DA050C /* GoddessHairSalonSwiftDemoTests */ = {
			isa = PBXGroup;
			children = (
				6B0CD2E81F67834400DA050C /* GoddessHairSalonSwiftDemoTests.swift */,
				6B0CD2EA1F67834400DA050C /* Info.plist */,
			);
			path = GoddessHairSalonSwiftDemoTests;
			sourceTree = "<group>";
		};
		6B0CD2F21F67834400DA050C /* GoddessHairSalonSwiftDemoUITests */ = {
			isa = PBXGroup;
			children = (
				6B0CD2F31F67834400DA050C /* GoddessHairSalonSwiftDemoUITests.swift */,
				6B0CD2F51F67834400DA050C /* Info.plist */,
			);
			path = GoddessHairSalonSwiftDemoUITests;
			sourceTree = "<group>";
		};
/* End PBXGroup section */

/* Begin PBXNativeTarget section */
		6B0CD2CF1F67834400DA050C /* GoddessHairSalonSwiftDemo */ = {
			isa = PBXNativeTarget;
			buildConfigurationList = 6B0CD2F81F67834400DA050C /* Build configuration list for PBXNativeTarget "GoddessHairSalonSwiftDemo" */;
			buildPhases = (
				6B0CD2CC1F67834400DA050C /* Sources */,
				6B0CD2CD1F67834400DA050C /* Frameworks */,
				6B0CD2CE1F67834400DA050C /* Resources */,
			);
			buildRules = (
			);
			dependencies = (
			);
			name = GoddessHairSalonSwiftDemo;
			productName = GoddessHairSalonSwiftDemo;
			productReference = 6B0CD2D01F67834400DA050C /* GoddessHairSalonSwiftDemo.app */;
			productType = "com.apple.product-type.application";
		};
		6B0CD2E31F67834400DA050C /* GoddessHairSalonSwiftDemoTests */ = {
			isa = PBXNativeTarget;
			buildConfigurationList = 6B0CD2FB1F67834400DA050C /* Build configuration list for PBXNativeTarget "GoddessHairSalonSwiftDemoTests" */;
			buildPhases = (
				6B0CD2E01F67834400DA050C /* Sources */,
				6B0CD2E11F67834400DA050C /* Frameworks */,
				6B0CD2E21F67834400DA050C /* Resources */,
			);
			buildRules = (
			);
			dependencies = (
				6B0CD2E61F67834400DA050C /* PBXTargetDependency */,
			);
			name = GoddessHairSalonSwiftDemoTests;
			productName = GoddessHairSalonSwiftDemoTests;
			productReference = 6B0CD2E41F67834400DA050C /* GoddessHairSalonSwiftDemoTests.xctest */;
			productType = "com.apple.product-type.bundle.unit-test";
		};
		6B0CD2EE1F67834400DA050C /* GoddessHairSalonSwiftDemoUITests */ = {
			isa = PBXNativeTarget;
			buildConfigurationList = 6B0CD2FE1F67834400DA050C /* Build configuration list for PBXNativeTarget "GoddessHairSalonSwiftDemoUITests" */;
			buildPhases = (
				6B0CD2EB1F67834400DA050C /* Sources */,
				6B0CD2EC1F67834400DA050C /* Frameworks */,
				6B0CD2ED1F67834400DA050C /* Resources */,
			);
			buildRules = (
			);
			dependencies = (
				6B0CD2F11F67834400DA050C /* PBXTargetDependency */,
			);
			name = GoddessHairSalonSwiftDemoUITests;
			productName = GoddessHairSalonSwiftDemoUITests;
			productReference = 6B0CD2EF1F67834400DA050C /* GoddessHairSalonSwiftDemoUITests.xctest */;
			productType = "com.apple.product-type.bundle.ui-testing";
		};
/* End PBXNativeTarget section */

/* Begin PBXProject section */
		6B0CD2C81F67834400DA050C /* Project object */ = {
			isa = PBXProject;
			attributes = {
				LastSwiftUpdateCheck = 0830;
				LastUpgradeCheck = 0830;
				ORGANIZATIONNAME = galaxy;
				TargetAttributes = {
					6B0CD2CF1F67834400DA050C = {
						CreatedOnToolsVersion = 8.3.2;
						DevelopmentTeam = MLQK5CCX6D;
						ProvisioningStyle = Automatic;
					};
					6B0CD2E31F67834400DA050C = {
						CreatedOnToolsVersion = 8.3.2;
						DevelopmentTeam = MLQK5CCX6D;
						ProvisioningStyle = Automatic;
						TestTargetID = 6B0CD2CF1F67834400DA050C;
					};
					6B0CD2EE1F67834400DA050C = {
						CreatedOnToolsVersion = 8.3.2;
						DevelopmentTeam = MLQK5CCX6D;
						ProvisioningStyle = Automatic;
						TestTargetID = 6B0CD2CF1F67834400DA050C;
					};
				};
			};
			buildConfigurationList = 6B0CD2CB1F67834400DA050C /* Build configuration list for PBXProject "GoddessHairSalonSwiftDemo" */;
			compatibilityVersion = "Xcode 3.2";
			developmentRegion = English;
			hasScannedForEncodings = 0;
			knownRegions = (
				en,
				Base,
			);
			mainGroup = 6B0CD2C71F67834400DA050C;
			productRefGroup = 6B0CD2D11F67834400DA050C /* Products */;
			projectDirPath = "";
			projectRoot = "";
			targets = (
				6B0CD2CF1F67834400DA050C /* GoddessHairSalonSwiftDemo */,
				6B0CD2E31F67834400DA050C /* GoddessHairSalonSwiftDemoTests */,
				6B0CD2EE1F67834400DA050C /* GoddessHairSalonSwiftDemoUITests */,
			);
		};
/* End PBXProject section */

/* Begin PBXResourcesBuildPhase section */
		6B0CD2CE1F67834400DA050C /* Resources */ = {
			isa = PBXResourcesBuildPhase;
			buildActionMask = 2147483647;
			files = (
				6B0CD2DE1F67834400DA050C /* LaunchScreen.storyboard in Resources */,
				6B0CD2DB1F67834400DA050C /* Assets.xcassets in Resources */,
				6B0CD2D91F67834400DA050C /* Main.storyboard in Resources */,
			);
			runOnlyForDeploymentPostprocessing = 0;
		};
		6B0CD2E21F67834400DA050C /* Resources */ = {
			isa = PBXResourcesBuildPhase;
			buildActionMask = 2147483647;
			files = (
			);
			runOnlyForDeploymentPostprocessing = 0;
		};
		6B0CD2ED1F67834400DA050C /* Resources */ = {
			isa = PBXResourcesBuildPhase;
			buildActionMask = 2147483647;
			files = (
			);
			runOnlyForDeploymentPostprocessing = 0;
		};
/* End PBXResourcesBuildPhase section */

/* Begin PBXSourcesBuildPhase section */
		6B0CD2CC1F67834400DA050C /* Sources */ = {
			isa = PBXSourcesBuildPhase;
			buildActionMask = 2147483647;
			files = (
				6B117BF41F6A2D260004900F /* GoddessVC.swift in Sources */,
				6B3C06D61F6CC75D00C825F8 /* SecondVC.swift in Sources */,
				6B0CD2D61F67834400DA050C /* ViewController.swift in Sources */,
				6B0CD2D41F67834400DA050C /* AppDelegate.swift in Sources */,
				6B3C06D81F6CC7B900C825F8 /* ThindVC.swift in Sources */,
				6B117BF21F6A1AD30004900F /* VCExtension.swift in Sources */,
			);
			runOnlyForDeploymentPostprocessing = 0;
		};
		6B0CD2E01F67834400DA050C /* Sources */ = {
			isa = PBXSourcesBuildPhase;
			buildActionMask = 2147483647;
			files = (
				6B0CD2E91F67834400DA050C /* GoddessHairSalonSwiftDemoTests.swift in Sources */,
			);
			runOnlyForDeploymentPostprocessing = 0;
		};
		6B0CD2EB1F67834400DA050C /* Sources */ = {
			isa = PBXSourcesBuildPhase;
			buildActionMask = 2147483647;
			files = (
				6B0CD2F41F67834400DA050C /* GoddessHairSalonSwiftDemoUITests.swift in Sources */,
			);
			runOnlyForDeploymentPostprocessing = 0;
		};
/* End PBXSourcesBuildPhase section */

/* Begin PBXTargetDependency section */
		6B0CD2E61F67834400DA050C /* PBXTargetDependency */ = {
			isa = PBXTargetDependency;
			target = 6B0CD2CF1F67834400DA050C /* GoddessHairSalonSwiftDemo */;
			targetProxy = 6B0CD2E51F67834400DA050C /* PBXContainerItemProxy */;
		};
		6B0CD2F11F67834400DA050C /* PBXTargetDependency */ = {
			isa = PBXTargetDependency;
			target = 6B0CD2CF1F67834400DA050C /* GoddessHairSalonSwiftDemo */;
			targetProxy = 6B0CD2F01F67834400DA050C /* PBXContainerItemProxy */;
		};
/* End PBXTargetDependency section */

/* Begin PBXVariantGroup section */
		6B0CD2D71F67834400DA050C /* Main.storyboard */ = {
			isa = PBXVariantGroup;
			children = (
				6B0CD2D81F67834400DA050C /* Base */,
			);
			name = Main.storyboard;
			sourceTree = "<group>";
		};
		6B0CD2DC1F67834400DA050C /* LaunchScreen.storyboard */ = {
			isa = PBXVariantGroup;
			children = (
				6B0CD2DD1F67834400DA050C /* Base */,
			);
			name = LaunchScreen.storyboard;
			sourceTree = "<group>";
		};
/* End PBXVariantGroup section */

/* Begin XCBuildConfiguration section */
		6B0CD2F61F67834400DA050C /* Debug */ = {
			isa = XCBuildConfiguration;
			buildSettings = {
				ALWAYS_SEARCH_USER_PATHS = NO;
				CLANG_ANALYZER_NONNULL = YES;
				CLANG_ANALYZER_NUMBER_OBJECT_CONVERSION = YES_AGGRESSIVE;
				CLANG_CXX_LANGUAGE_STANDARD = "gnu++0x";
				CLANG_CXX_LIBRARY = "libc++";
				CLANG_ENABLE_MODULES = YES;
				CLANG_ENABLE_OBJC_ARC = YES;
				CLANG_WARN_BOOL_CONVERSION = YES;
				CLANG_WARN_CONSTANT_CONVERSION = YES;
				CLANG_WARN_DIRECT_OBJC_ISA_USAGE = YES_ERROR;
				CLANG_WARN_DOCUMENTATION_COMMENTS = YES;
				CLANG_WARN_EMPTY_BODY = YES;
				CLANG_WARN_ENUM_CONVERSION = YES;
				CLANG_WARN_INFINITE_RECURSION = YES;
				CLANG_WARN_INT_CONVERSION = YES;
				CLANG_WARN_OBJC_ROOT_CLASS = YES_ERROR;
				CLANG_WARN_SUSPICIOUS_MOVE = YES;
				CLANG_WARN_UNREACHABLE_CODE = YES;
				CLANG_WARN__DUPLICATE_METHOD_MATCH = YES;
				"CODE_SIGN_IDENTITY[sdk=iphoneos*]" = "iPhone Developer";
				COPY_PHASE_STRIP = NO;
				DEBUG_INFORMATION_FORMAT = dwarf;
				ENABLE_STRICT_OBJC_MSGSEND = YES;
				ENABLE_TESTABILITY = YES;
				GCC_C_LANGUAGE_STANDARD = gnu99;
				GCC_DYNAMIC_NO_PIC = NO;
				GCC_NO_COMMON_BLOCKS = YES;
				GCC_OPTIMIZATION_LEVEL = 0;
				GCC_PREPROCESSOR_DEFINITIONS = (
					"DEBUG=1",
					"$(inherited)",
				);
				GCC_WARN_64_TO_32_BIT_CONVERSION = YES;
				GCC_WARN_ABOUT_RETURN_TYPE = YES_ERROR;
				GCC_WARN_UNDECLARED_SELECTOR = YES;
				GCC_WARN_UNINITIALIZED_AUTOS = YES_AGGRESSIVE;
				GCC_WARN_UNUSED_FUNCTION = YES;
				GCC_WARN_UNUSED_VARIABLE = YES;
				IPHONEOS_DEPLOYMENT_TARGET = 10.3;
				MTL_ENABLE_DEBUG_INFO = YES;
				ONLY_ACTIVE_ARCH = YES;
				SDKROOT = iphoneos;
				SWIFT_ACTIVE_COMPILATION_CONDITIONS = DEBUG;
				SWIFT_OPTIMIZATION_LEVEL = "-Onone";
			};
			name = Debug;
		};
		6B0CD2F71F67834400DA050C /* Release */ = {
			isa = XCBuildConfiguration;
			buildSettings = {
				ALWAYS_SEARCH_USER_PATHS = NO;
				CLANG_ANALYZER_NONNULL = YES;
				CLANG_ANALYZER_NUMBER_OBJECT_CONVERSION = YES_AGGRESSIVE;
				CLANG_CXX_LANGUAGE_STANDARD = "gnu++0x";
				CLANG_CXX_LIBRARY = "libc++";
				CLANG_ENABLE_MODULES = YES;
				CLANG_ENABLE_OBJC_ARC = YES;
				CLANG_WARN_BOOL_CONVERSION = YES;
				CLANG_WARN_CONSTANT_CONVERSION = YES;
				CLANG_WARN_DIRECT_OBJC_ISA_USAGE = YES_ERROR;
				CLANG_WARN_DOCUMENTATION_COMMENTS = YES;
				CLANG_WARN_EMPTY_BODY = YES;
				CLANG_WARN_ENUM_CONVERSION = YES;
				CLANG_WARN_INFINITE_RECURSION = YES;
				CLANG_WARN_INT_CONVERSION = YES;
				CLANG_WARN_OBJC_ROOT_CLASS = YES_ERROR;
				CLANG_WARN_SUSPICIOUS_MOVE = YES;
				CLANG_WARN_UNREACHABLE_CODE = YES;
				CLANG_WARN__DUPLICATE_METHOD_MATCH = YES;
				"CODE_SIGN_IDENTITY[sdk=iphoneos*]" = "iPhone Developer";
				COPY_PHASE_STRIP = NO;
				DEBUG_INFORMATION_FORMAT = "dwarf-with-dsym";
				ENABLE_NS_ASSERTIONS = NO;
				ENABLE_STRICT_OBJC_MSGSEND = YES;
				GCC_C_LANGUAGE_STANDARD = gnu99;
				GCC_NO_COMMON_BLOCKS = YES;
				GCC_WARN_64_TO_32_BIT_CONVERSION = YES;
				GCC_WARN_ABOUT_RETURN_TYPE = YES_ERROR;
				GCC_WARN_UNDECLARED_SELECTOR = YES;
				GCC_WARN_UNINITIALIZED_AUTOS = YES_AGGRESSIVE;
				GCC_WARN_UNUSED_FUNCTION = YES;
				GCC_WARN_UNUSED_VARIABLE = YES;
				IPHONEOS_DEPLOYMENT_TARGET = 10.3;
				MTL_ENABLE_DEBUG_INFO = NO;
				SDKROOT = iphoneos;
				SWIFT_OPTIMIZATION_LEVEL = "-Owholemodule";
				VALIDATE_PRODUCT = YES;
			};
			name = Release;
		};
		6B0CD2F91F67834400DA050C /* Debug */ = {
			isa = XCBuildConfiguration;
			buildSettings = {
				ASSETCATALOG_COMPILER_APPICON_NAME = AppIcon;
				DEVELOPMENT_TEAM = MLQK5CCX6D;
				INFOPLIST_FILE = GoddessHairSalonSwiftDemo/Info.plist;
				LD_RUNPATH_SEARCH_PATHS = "$(inherited) @executable_path/Frameworks";
				PRODUCT_BUNDLE_IDENTIFIER = com.galaxy.GoddessHairSalonSwiftDemo;
				PRODUCT_NAME = "$(TARGET_NAME)";
				SWIFT_VERSION = 3.0;
			};
			name = Debug;
		};
		6B0CD2FA1F67834400DA050C /* Release */ = {
			isa = XCBuildConfiguration;
			buildSettings = {
				ASSETCATALOG_COMPILER_APPICON_NAME = AppIcon;
				DEVELOPMENT_TEAM = MLQK5CCX6D;
				INFOPLIST_FILE = GoddessHairSalonSwiftDemo/Info.plist;
				LD_RUNPATH_SEARCH_PATHS = "$(inherited) @executable_path/Frameworks";
				PRODUCT_BUNDLE_IDENTIFIER = com.galaxy.GoddessHairSalonSwiftDemo;
				PRODUCT_NAME = "$(TARGET_NAME)";
				SWIFT_VERSION = 3.0;
			};
			name = Release;
		};
		6B0CD2FC1F67834400DA050C /* Debug */ = {
			isa = XCBuildConfiguration;
			buildSettings = {
				ALWAYS_EMBED_SWIFT_STANDARD_LIBRARIES = YES;
				BUNDLE_LOADER = "$(TEST_HOST)";
				DEVELOPMENT_TEAM = MLQK5CCX6D;
				INFOPLIST_FILE = GoddessHairSalonSwiftDemoTests/Info.plist;
				LD_RUNPATH_SEARCH_PATHS = "$(inherited) @executable_path/Frameworks @loader_path/Frameworks";
				PRODUCT_BUNDLE_IDENTIFIER = com.galaxy.GoddessHairSalonSwiftDemoTests;
				PRODUCT_NAME = "$(TARGET_NAME)";
				SWIFT_VERSION = 3.0;
				TEST_HOST = "$(BUILT_PRODUCTS_DIR)/GoddessHairSalonSwiftDemo.app/GoddessHairSalonSwiftDemo";
			};
			name = Debug;
		};
		6B0CD2FD1F67834400DA050C /* Release */ = {
			isa = XCBuildConfiguration;
			buildSettings = {
				ALWAYS_EMBED_SWIFT_STANDARD_LIBRARIES = YES;
				BUNDLE_LOADER = "$(TEST_HOST)";
				DEVELOPMENT_TEAM = MLQK5CCX6D;
				INFOPLIST_FILE = GoddessHairSalonSwiftDemoTests/Info.plist;
				LD_RUNPATH_SEARCH_PATHS = "$(inherited) @executable_path/Frameworks @loader_path/Frameworks";
				PRODUCT_BUNDLE_IDENTIFIER = com.galaxy.GoddessHairSalonSwiftDemoTests;
				PRODUCT_NAME = "$(TARGET_NAME)";
				SWIFT_VERSION = 3.0;
				TEST_HOST = "$(BUILT_PRODUCTS_DIR)/GoddessHairSalonSwiftDemo.app/GoddessHairSalonSwiftDemo";
			};
			name = Release;
		};
		6B0CD2FF1F67834400DA050C /* Debug */ = {
			isa = XCBuildConfiguration;
			buildSettings = {
				ALWAYS_EMBED_SWIFT_STANDARD_LIBRARIES = YES;
				DEVELOPMENT_TEAM = MLQK5CCX6D;
				INFOPLIST_FILE = GoddessHairSalonSwiftDemoUITests/Info.plist;
				LD_RUNPATH_SEARCH_PATHS = "$(inherited) @executable_path/Frameworks @loader_path/Frameworks";
				PRODUCT_BUNDLE_IDENTIFIER = com.galaxy.GoddessHairSalonSwiftDemoUITests;
				PRODUCT_NAME = "$(TARGET_NAME)";
				SWIFT_VERSION = 3.0;
				TEST_TARGET_NAME = GoddessHairSalonSwiftDemo;
			};
			name = Debug;
		};
		6B0CD3001F67834400DA050C /* Release */ = {
			isa = XCBuildConfiguration;
			buildSettings = {
				ALWAYS_EMBED_SWIFT_STANDARD_LIBRARIES = YES;
				DEVELOPMENT_TEAM = MLQK5CCX6D;
				INFOPLIST_FILE = GoddessHairSalonSwiftDemoUITests/Info.plist;
				LD_RUNPATH_SEARCH_PATHS = "$(inherited) @executable_path/Frameworks @loader_path/Frameworks";
				PRODUCT_BUNDLE_IDENTIFIER = com.galaxy.GoddessHairSalonSwiftDemoUITests;
				PRODUCT_NAME = "$(TARGET_NAME)";
				SWIFT_VERSION = 3.0;
				TEST_TARGET_NAME = GoddessHairSalonSwiftDemo;
			};
			name = Release;
		};
/* End XCBuildConfiguration section */

/* Begin XCConfigurationList section */
		6B0CD2CB1F67834400DA050C /* Build configuration list for PBXProject "GoddessHairSalonSwiftDemo" */ = {
			isa = XCConfigurationList;
			buildConfigurations = (
				6B0CD2F61F67834400DA050C /* Debug */,
				6B0CD2F71F67834400DA050C /* Release */,
			);
			defaultConfigurationIsVisible = 0;
			defaultConfigurationName = Release;
		};
		6B0CD2F81F67834400DA050C /* Build configuration list for PBXNativeTarget "GoddessHairSalonSwiftDemo" */ = {
			isa = XCConfigurationList;
			buildConfigurations = (
				6B0CD2F91F67834400DA050C /* Debug */,
				6B0CD2FA1F67834400DA050C /* Release */,
			);
			defaultConfigurationIsVisible = 0;
			defaultConfigurationName = Release;
		};
		6B0CD2FB1F67834400DA050C /* Build configuration list for PBXNativeTarget "GoddessHairSalonSwiftDemoTests" */ = {
			isa = XCConfigurationList;
			buildConfigurations = (
				6B0CD2FC1F67834400DA050C /* Debug */,
				6B0CD2FD1F67834400DA050C /* Release */,
			);
			defaultConfigurationIsVisible = 0;
			defaultConfigurationName = Release;
		};
		6B0CD2FE1F67834400DA050C /* Build configuration list for PBXNativeTarget "GoddessHairSalonSwiftDemoUITests" */ = {
			isa = XCConfigurationList;
			buildConfigurations = (
				6B0CD2FF1F67834400DA050C /* Debug */,
				6B0CD3001F67834400DA050C /* Release */,
			);
			defaultConfigurationIsVisible = 0;
			defaultConfigurationName = Release;
		};
/* End XCConfigurationList section */
	};
	rootObject = 6B0CD2C81F67834400DA050C /* Project object */;
}
